
Microsoft Visual Studio Solution File, Format Version 12.00
# Visual Studio Version 17
VisualStudioVersion = 17.5.002.0
MinimumVisualStudioVersion = 10.0.40219.1
Project("{9A19103F-16F7-4668-BE54-9A1E7A4F7556}") = "HelloWorld.Cloud", "HelloWorld.Sample\HelloWorld.Cloud.csproj", "{0CB6410F-4815-4165-A032-097AB2DD074E}"
EndProject
Project("{9A19103F-16F7-4668-BE54-9A1E7A4F7556}") = "HelloWorld.Local", "HelloWorld.Tests\HelloWorld.Local.csproj", "{7B5ACAEB-1D38-4F96-AB30-7E3B72C41AC8}"
EndProject
Global
	GlobalSection(SolutionConfigurationPlatforms) = preSolution
		Debug|Any CPU = Debug|Any CPU
		Release|Any CPU = Release|Any CPU
	EndGlobalSection
	GlobalSection(ProjectConfigurationPlatforms) = postSolution
		{0CB6410F-4815-4165-A032-097AB2DD074E}.Debug|Any CPU.ActiveCfg = Debug|Any CPU
		{0CB6410F-4815-4165-A032-097AB2DD074E}.Debug|Any CPU.Build.0 = Debug|Any CPU
		{0CB6410F-4815-4165-A032-097AB2DD074E}.Release|Any CPU.ActiveCfg = Release|Any CPU
		{0CB6410F-4815-4165-A032-097AB2DD074E}.Release|Any CPU.Build.0 = Release|Any CPU
		{7B5ACAEB-1D38-4F96-AB30-7E3B72C41AC8}.Debug|Any CPU.ActiveCfg = Debug|Any CPU
		{7B5ACAEB-1D38-4F96-AB30-7E3B72C41AC8}.Debug|Any CPU.Build.0 = Debug|Any CPU
		{7B5ACAEB-1D38-4F96-AB30-7E3B72C41AC8}.Release|Any CPU.ActiveCfg = Release|Any CPU
		{7B5ACAEB-1D38-4F96-AB30-7E3B72C41AC8}.Release|Any CPU.Build.0 = Release|Any CPU
	EndGlobalSection
	GlobalSection(SolutionProperties) = preSolution
		HideSolutionNode = FALSE
	EndGlobalSection
	GlobalSection(ExtensibilityGlobals) = postSolution
		SolutionGuid = {DBA1C723-4E9F-43AB-A3C6-34126C7E0F46}
	EndGlobalSection
EndGlobal
